{
  "name": "wendrul.github.io",
  "lockfileVersion": 2,
  "requires": true,
  "packages": {
    "": {
      "dependencies": {
        "bulma": "^0.9.4",
        "typed.js": "^2.0.12"
      }
    },
    "node_modules/bulma": {
      "version": "0.9.4",
      "resolved": "https://registry.npmjs.org/bulma/-/bulma-0.9.4.tgz",
      "integrity": "sha512-86FlT5+1GrsgKbPLRRY7cGDg8fsJiP/jzTqXXVqiUZZ2aZT8uemEOHlU1CDU+TxklPEZ11HZNNWclRBBecP4CQ=="
    },
    "node_modules/typed.js": {
      "version": "2.0.12",
      "resolved": "https://registry.npmjs.org/typed.js/-/typed.js-2.0.12.tgz",
      "integrity": "sha512-lyACZh1cu+vpfYY3DG/bvsGLXXbdoDDpWxmqta10IQUdMXisMXOEyl+jos+YT9uBbzK4QaKYBjT3R0kTJO0Slw=="
    }
  },
  "dependencies": {
    "bulma": {
      "version": "0.9.4",
      "resolved": "https://registry.npmjs.org/bulma/-/bulma-0.9.4.tgz",
      "integrity": "sha512-86FlT5+1GrsgKbPLRRY7cGDg8fsJiP/jzTqXXVqiUZZ2aZT8uemEOHlU1CDU+TxklPEZ11HZNNWclRBBecP4CQ=="
    },
    "typed.js": {
      "version": "2.0.12",
      "resolved": "https://registry.npmjs.org/typed.js/-/typed.js-2.0.12.tgz",
      "integrity": "sha512-lyACZh1cu+vpfYY3DG/bvsGLXXbdoDDpWxmqta10IQUdMXisMXOEyl+jos+YT9uBbzK4QaKYBjT3R0kTJO0Slw=="
    }
  }
}
